// !$*UTF8*$!
{
	archiveVersion = 1;
	classes = {
	};
	objectVersion = 77;
	objects = {

/* Begin PBXBuildFile section */
		B10000000000000000000011 /* GlimpseCore in Frameworks */ = {isa = PBXBuildFile; productRef = B10000000000000000000021 /* GlimpseCore */; };
		B10000000000000000000012 /* GlimpseAI in Frameworks */ = {isa = PBXBuildFile; productRef = B10000000000000000000022 /* GlimpseAI */; };
		B10000000000000000000014 /* GlimpseFeatures in Frameworks */ = {isa = PBXBuildFile; productRef = B10000000000000000000024 /* GlimpseFeatures */; };
/* End PBXBuildFile section */

/* Begin PBXContainerItemProxy section */
		522A956C2FF795D900C82AB3 /* PBXContainerItemProxy */ = {
			isa = PBXContainerItemProxy;
			containerPortal = 522A95542FF795D700C82AB3 /* Project object */;
			proxyType = 1;
			remoteGlobalIDString = 522A955B2FF795D700C82AB3;
			remoteInfo = Glimpse;
		};
		522A95762FF795D900C82AB3 /* PBXContainerItemProxy */ = {
			isa = PBXContainerItemProxy;
			containerPortal = 522A95542FF795D700C82AB3 /* Project object */;
			proxyType = 1;
			remoteGlobalIDString = 522A955B2FF795D700C82AB3;
			remoteInfo = Glimpse;
		};
/* End PBXContainerItemProxy section */

/* Begin PBXFileReference section */
		522A8C6330127932004FE642 /* SwiftRefactorExtension.xcodeproj */ = {isa = PBXFileReference; lastKnownFileType = "wrapper.pb-project"; path = SwiftRefactorExtension.xcodeproj; sourceTree = "<group>"; };
		522A955C2FF795D700C82AB3 /* Glimpse.app */ = {isa = PBXFileReference; explicitFileType = wrapper.application; includeInIndex = 0; path = Glimpse.app; sourceTree = BUILT_PRODUCTS_DIR; };
		522A956B2FF795D900C82AB3 /* GlimpseTests.xctest */ = {isa = PBXFileReference; explicitFileType = wrapper.cfbundle; includeInIndex = 0; path = GlimpseTests.xctest; sourceTree = BUILT_PRODUCTS_DIR; };
		522A95752FF795D900C82AB3 /* GlimpseUITests.xctest */ = {isa = PBXFileReference; explicitFileType = wrapper.cfbundle; includeInIndex = 0; path = GlimpseUITests.xctest; sourceTree = BUILT_PRODUCTS_DIR; };
		522AC94F30127932004FE642 /* CaseStudies.xcodeproj */ = {isa = PBXFileReference; lastKnownFileType = "wrapper.pb-project"; path = CaseStudies.xcodeproj; sourceTree = "<group>"; };
		522AC9A530127932004FE642 /* Integration.xcodeproj */ = {isa = PBXFileReference; lastKnownFileType = "wrapper.pb-project"; path = Integration.xcodeproj; sourceTree = "<group>"; };
		522AC9AF30127932004FE642 /* Search.xcodeproj */ = {isa = PBXFileReference; lastKnownFileType = "wrapper.pb-project"; path = Search.xcodeproj; sourceTree = "<group>"; };
		522AC9BD30127932004FE642 /* SpeechRecognition.xcodeproj */ = {isa = PBXFileReference; lastKnownFileType = "wrapper.pb-project"; path = SpeechRecognition.xcodeproj; sourceTree = "<group>"; };
		522AC9D730127932004FE642 /* SyncUps.xcodeproj */ = {isa = PBXFileReference; lastKnownFileType = "wrapper.pb-project"; path = SyncUps.xcodeproj; sourceTree = "<group>"; };
		522AC9E030127932004FE642 /* TicTacToe.xcodeproj */ = {isa = PBXFileReference; lastKnownFileType = "wrapper.pb-project"; path = TicTacToe.xcodeproj; sourceTree = "<group>"; };
		522AC9EA30127932004FE642 /* Todos.xcodeproj */ = {isa = PBXFileReference; lastKnownFileType = "wrapper.pb-project"; path = Todos.xcodeproj; sourceTree = "<group>"; };
		522AC9FE30127932004FE642 /* VoiceMemos.xcodeproj */ = {isa = PBXFileReference; lastKnownFileType = "wrapper.pb-project"; path = VoiceMemos.xcodeproj; sourceTree = "<group>"; };
/* End PBXFileReference section */

/* Begin PBXFileSystemSynchronizedRootGroup section */
		522A955E2FF795D700C82AB3 /* Glimpse */ = {
			isa = PBXFileSystemSynchronizedRootGroup;
			path = Glimpse;
			sourceTree = "<group>";
		};
		522A956E2FF795D900C82AB3 /* GlimpseTests */ = {
			isa = PBXFileSystemSynchronizedRootGroup;
			path = GlimpseTests;
			sourceTree = "<group>";
		};
		522A95782FF795D900C82AB3 /* GlimpseUITests */ = {
			isa = PBXFileSystemSynchronizedRootGroup;
			path = GlimpseUITests;
			sourceTree = "<group>";
		};
/* End PBXFileSystemSynchronizedRootGroup section */

/* Begin PBXFrameworksBuildPhase section */
		522A95592FF795D700C82AB3 /* Frameworks */ = {
			isa = PBXFrameworksBuildPhase;
			buildActionMask = 2147483647;
			files = (
				B10000000000000000000011 /* GlimpseCore in Frameworks */,
				B10000000000000000000012 /* GlimpseAI in Frameworks */,
				B10000000000000000000014 /* GlimpseFeatures in Frameworks */,
			);
			runOnlyForDeploymentPostprocessing = 0;
		};
		522A95682FF795D900C82AB3 /* Frameworks */ = {
			isa = PBXFrameworksBuildPhase;
			buildActionMask = 2147483647;
			files = (
			);
			runOnlyForDeploymentPostprocessing = 0;
		};
		522A95722FF795D900C82AB3 /* Frameworks */ = {
			isa = PBXFrameworksBuildPhase;
			buildActionMask = 2147483647;
			files = (
			);
			runOnlyForDeploymentPostprocessing = 0;
		};
/* End PBXFrameworksBuildPhase section */

/* Begin PBXGroup section */
		522A95532FF795D700C82AB3 = {
			isa = PBXGroup;
			children = (
				522A955E2FF795D700C82AB3 /* Glimpse */,
				522A956E2FF795D900C82AB3 /* GlimpseTests */,
				522A95782FF795D900C82AB3 /* GlimpseUITests */,
				522A955D2FF795D700C82AB3 /* Products */,
			);
			sourceTree = "<group>";
		};
		522A955D2FF795D700C82AB3 /* Products */ = {
			isa = PBXGroup;
			children = (
				522A955C2FF795D700C82AB3 /* Glimpse.app */,
				522A956B2FF795D900C82AB3 /* GlimpseTests.xctest */,
				522A95752FF795D900C82AB3 /* GlimpseUITests.xctest */,
			);
			name = Products;
			sourceTree = "<group>";
		};
		522AD25B30127932004FE642 /* Products */ = {
			isa = PBXGroup;
			children = (
			);
			name = Products;
			sourceTree = "<group>";
		};
		522AD25D30127932004FE642 /* Products */ = {
			isa = PBXGroup;
			children = (
			);
			name = Products;
			sourceTree = "<group>";
		};
		522AD25F30127932004FE642 /* Products */ = {
			isa = PBXGroup;
			children = (
			);
			name = Products;
			sourceTree = "<group>";
		};
		522AD26130127932004FE642 /* Products */ = {
			isa = PBXGroup;
			children = (
			);
			name = Products;
			sourceTree = "<group>";
		};
		522AD26330127932004FE642 /* Products */ = {
			isa = PBXGroup;
			children = (
			);
			name = Products;
			sourceTree = "<group>";
		};
		522AD26530127932004FE642 /* Products */ = {
			isa = PBXGroup;
			children = (
			);
			name = Products;
			sourceTree = "<group>";
		};
		522AD26730127932004FE642 /* Products */ = {
			isa = PBXGroup;
			children = (
			);
			name = Products;
			sourceTree = "<group>";
		};
		522AD26930127932004FE642 /* Products */ = {
			isa = PBXGroup;
			children = (
			);
			name = Products;
			sourceTree = "<group>";
		};
		522AD26B30127932004FE642 /* Products */ = {
			isa = PBXGroup;
			children = (
			);
			name = Products;
			sourceTree = "<group>";
		};
/* End PBXGroup section */

/* Begin PBXNativeTarget section */
		522A955B2FF795D700C82AB3 /* Glimpse */ = {
			isa = PBXNativeTarget;
			buildConfigurationList = 522A957F2FF795D900C82AB3 /* Build configuration list for PBXNativeTarget "Glimpse" */;
			buildPhases = (
				522A95582FF795D700C82AB3 /* Sources */,
				522A95592FF795D700C82AB3 /* Frameworks */,
				522A955A2FF795D700C82AB3 /* Resources */,
			);
			buildRules = (
			);
			dependencies = (
			);
			fileSystemSynchronizedGroups = (
				522A955E2FF795D700C82AB3 /* Glimpse */,
			);
			name = Glimpse;
			packageProductDependencies = (
				B10000000000000000000021 /* GlimpseCore */,
				B10000000000000000000022 /* GlimpseAI */,
				B10000000000000000000024 /* GlimpseFeatures */,
			);
			productName = Glimpse;
			productReference = 522A955C2FF795D700C82AB3 /* Glimpse.app */;
			productType = "com.apple.product-type.application";
		};
		522A956A2FF795D900C82AB3 /* GlimpseTests */ = {
			isa = PBXNativeTarget;
			buildConfigurationList = 522A95822FF795D900C82AB3 /* Build configuration list for PBXNativeTarget "GlimpseTests" */;
			buildPhases = (
				522A95672FF795D900C82AB3 /* Sources */,
				522A95682FF795D900C82AB3 /* Frameworks */,
				522A95692FF795D900C82AB3 /* Resources */,
			);
			buildRules = (
			);
			dependencies = (
				522A956D2FF795D900C82AB3 /* PBXTargetDependency */,
			);
			fileSystemSynchronizedGroups = (
				522A956E2FF795D900C82AB3 /* GlimpseTests */,
			);
			name = GlimpseTests;
			packageProductDependencies = (
			);
			productName = GlimpseTests;
			productReference = 522A956B2FF795D900C82AB3 /* GlimpseTests.xctest */;
			productType = "com.apple.product-type.bundle.unit-test";
		};
		522A95742FF795D900C82AB3 /* GlimpseUITests */ = {
			isa = PBXNativeTarget;
			buildConfigurationList = 522A95852FF795D900C82AB3 /* Build configuration list for PBXNativeTarget "GlimpseUITests" */;
			buildPhases = (
				522A95712FF795D900C82AB3 /* Sources */,
				522A95722FF795D900C82AB3 /* Frameworks */,
				522A95732FF795D900C82AB3 /* Resources */,
			);
			buildRules = (
			);
			dependencies = (
				522A95772FF795D900C82AB3 /* PBXTargetDependency */,
			);
			fileSystemSynchronizedGroups = (
				522A95782FF795D900C82AB3 /* GlimpseUITests */,
			);
			name = GlimpseUITests;
			packageProductDependencies = (
			);
			productName = GlimpseUITests;
			productReference = 522A95752FF795D900C82AB3 /* GlimpseUITests.xctest */;
			productType = "com.apple.product-type.bundle.ui-testing";
		};
/* End PBXNativeTarget section */

/* Begin PBXProject section */
		522A95542FF795D700C82AB3 /* Project object */ = {
			isa = PBXProject;
			attributes = {
				BuildIndependentTargetsInParallel = 1;
				LastSwiftUpdateCheck = 2630;
				LastUpgradeCheck = 2630;
				TargetAttributes = {
					522A955B2FF795D700C82AB3 = {
						CreatedOnToolsVersion = 26.3;
					};
					522A956A2FF795D900C82AB3 = {
						CreatedOnToolsVersion = 26.3;
						TestTargetID = 522A955B2FF795D700C82AB3;
					};
					522A95742FF795D900C82AB3 = {
						CreatedOnToolsVersion = 26.3;
						TestTargetID = 522A955B2FF795D700C82AB3;
					};
				};
			};
			buildConfigurationList = 522A95572FF795D700C82AB3 /* Build configuration list for PBXProject "Glimpse" */;
			developmentRegion = en;
			hasScannedForEncodings = 0;
			knownRegions = (
				en,
				Base,
			);
			mainGroup = 522A95532FF795D700C82AB3;
			minimizedProjectReferenceProxies = 1;
			packageReferences = (
				B10000000000000000000001 /* XCLocalSwiftPackageReference "Packages/GlimpseCore" */,
				B10000000000000000000002 /* XCLocalSwiftPackageReference "Packages/GlimpseAI" */,
				B10000000000000000000004 /* XCLocalSwiftPackageReference "Packages/GlimpseFeatures" */,
			);
			preferredProjectObjectVersion = 77;
			productRefGroup = 522A955D2FF795D700C82AB3 /* Products */;
			projectDirPath = "";
			projectReferences = (
				{
					ProductGroup = 522AD26130127932004FE642 /* Products */;
					ProjectRef = 522AC94F30127932004FE642 /* CaseStudies.xcodeproj */;
				},
				{
					ProductGroup = 522AD26330127932004FE642 /* Products */;
					ProjectRef = 522AC9A530127932004FE642 /* Integration.xcodeproj */;
				},
				{
					ProductGroup = 522AD25B30127932004FE642 /* Products */;
					ProjectRef = 522AC9AF30127932004FE642 /* Search.xcodeproj */;
				},
				{
					ProductGroup = 522AD26930127932004FE642 /* Products */;
					ProjectRef = 522AC9BD30127932004FE642 /* SpeechRecognition.xcodeproj */;
				},
				{
					ProductGroup = 522AD25F30127932004FE642 /* Products */;
					ProjectRef = 522A8C6330127932004FE642 /* SwiftRefactorExtension.xcodeproj */;
				},
				{
					ProductGroup = 522AD26530127932004FE642 /* Products */;
					ProjectRef = 522AC9D730127932004FE642 /* SyncUps.xcodeproj */;
				},
				{
					ProductGroup = 522AD26B30127932004FE642 /* Products */;
					ProjectRef = 522AC9E030127932004FE642 /* TicTacToe.xcodeproj */;
				},
				{
					ProductGroup = 522AD26730127932004FE642 /* Products */;
					ProjectRef = 522AC9EA30127932004FE642 /* Todos.xcodeproj */;
				},
				{
					ProductGroup = 522AD25D30127932004FE642 /* Products */;
					ProjectRef = 522AC9FE30127932004FE642 /* VoiceMemos.xcodeproj */;
				},
			);
			projectRoot = "";
			targets = (
				522A955B2FF795D700C82AB3 /* Glimpse */,
				522A956A2FF795D900C82AB3 /* GlimpseTests */,
				522A95742FF795D900C82AB3 /* GlimpseUITests */,
			);
		};
/* End PBXProject section */

/* Begin PBXResourcesBuildPhase section */
		522A955A2FF795D700C82AB3 /* Resources */ = {
			isa = PBXResourcesBuildPhase;
			buildActionMask = 2147483647;
			files = (
			);
			runOnlyForDeploymentPostprocessing = 0;
		};
		522A95692FF795D900C82AB3 /* Resources */ = {
			isa = PBXResourcesBuildPhase;
			buildActionMask = 2147483647;
			files = (
			);
			runOnlyForDeploymentPostprocessing = 0;
		};
		522A95732FF795D900C82AB3 /* Resources */ = {
			isa = PBXResourcesBuildPhase;
			buildActionMask = 2147483647;
			files = (
			);
			runOnlyForDeploymentPostprocessing = 0;
		};
/* End PBXResourcesBuildPhase section */

/* Begin PBXSourcesBuildPhase section */
		522A95582FF795D700C82AB3 /* Sources */ = {
			isa = PBXSourcesBuildPhase;
			buildActionMask = 2147483647;
			files = (
			);
			runOnlyForDeploymentPostprocessing = 0;
		};
		522A95672FF795D900C82AB3 /* Sources */ = {
			isa = PBXSourcesBuildPhase;
			buildActionMask = 2147483647;
			files = (
			);
			runOnlyForDeploymentPostprocessing = 0;
		};
		522A95712FF795D900C82AB3 /* Sources */ = {
			isa = PBXSourcesBuildPhase;
			buildActionMask = 2147483647;
			files = (
			);
			runOnlyForDeploymentPostprocessing = 0;
		};
/* End PBXSourcesBuildPhase section */

/* Begin PBXTargetDependency section */
		522A956D2FF795D900C82AB3 /* PBXTargetDependency */ = {
			isa = PBXTargetDependency;
			target = 522A955B2FF795D700C82AB3 /* Glimpse */;
			targetProxy = 522A956C2FF795D900C82AB3 /* PBXContainerItemProxy */;
		};
		522A95772FF795D900C82AB3 /* PBXTargetDependency */ = {
			isa = PBXTargetDependency;
			target = 522A955B2FF795D700C82AB3 /* Glimpse */;
			targetProxy = 522A95762FF795D900C82AB3 /* PBXContainerItemProxy */;
		};
/* End PBXTargetDependency section */

/* Begin XCBuildConfiguration section */
		522A957D2FF795D900C82AB3 /* Debug */ = {
			isa = XCBuildConfiguration;
			buildSettings = {
				ALWAYS_SEARCH_USER_PATHS = NO;
				ASSETCATALOG_COMPILER_GENERATE_SWIFT_ASSET_SYMBOL_EXTENSIONS = YES;
				CLANG_ANALYZER_NONNULL = YES;
				CLANG_ANALYZER_NUMBER_OBJECT_CONVERSION = YES_AGGRESSIVE;
				CLANG_CXX_LANGUAGE_STANDARD = "gnu++20";
				CLANG_ENABLE_MODULES = YES;
				CLANG_ENABLE_OBJC_ARC = YES;
				CLANG_ENABLE_OBJC_WEAK = YES;
				CLANG_WARN_BLOCK_CAPTURE_AUTORELEASING = YES;
				CLANG_WARN_BOOL_CONVERSION = YES;
				CLANG_WARN_COMMA = YES;
				CLANG_WARN_CONSTANT_CONVERSION = YES;
				CLANG_WARN_DEPRECATED_OBJC_IMPLEMENTATIONS = YES;
				CLANG_WARN_DIRECT_OBJC_ISA_USAGE = YES_ERROR;
				CLANG_WARN_DOCUMENTATION_COMMENTS = YES;
				CLANG_WARN_EMPTY_BODY = YES;
				CLANG_WARN_ENUM_CONVERSION = YES;
				CLANG_WARN_INFINITE_RECURSION = YES;
				CLANG_WARN_INT_CONVERSION = YES;
				CLANG_WARN_NON_LITERAL_NULL_CONVERSION = YES;
				CLANG_WARN_OBJC_IMPLICIT_RETAIN_SELF = YES;
				CLANG_WARN_OBJC_LITERAL_CONVERSION = YES;
				CLANG_WARN_OBJC_ROOT_CLASS = YES_ERROR;
				CLANG_WARN_QUOTED_INCLUDE_IN_FRAMEWORK_HEADER = YES;
				CLANG_WARN_RANGE_LOOP_ANALYSIS = YES;
				CLANG_WARN_STRICT_PROTOTYPES = YES;
				CLANG_WARN_SUSPICIOUS_MOVE = YES;
				CLANG_WARN_UNGUARDED_AVAILABILITY = YES_AGGRESSIVE;
				CLANG_WARN_UNREACHABLE_CODE = YES;
				CLANG_WARN__DUPLICATE_METHOD_MATCH = YES;
				COPY_PHASE_STRIP = NO;
				DEBUG_INFORMATION_FORMAT = dwarf;
				DEVELOPMENT_TEAM = KKJP7578Q2;
				ENABLE_STRICT_OBJC_MSGSEND = YES;
				ENABLE_TESTABILITY = YES;
				ENABLE_USER_SCRIPT_SANDBOXING = YES;
				GCC_C_LANGUAGE_STANDARD = gnu17;
				GCC_DYNAMIC_NO_PIC = NO;
				GCC_NO_COMMON_BLOCKS = YES;
				GCC_OPTIMIZATION_LEVEL = 0;
				GCC_PREPROCESSOR_DEFINITIONS = (
					"DEBUG=1",
					"$(inherited)",
				);
				GCC_WARN_64_TO_32_BIT_CONVERSION = YES;
				GCC_WARN_ABOUT_RETURN_TYPE = YES_ERROR;
				GCC_WARN_UNDECLARED_SELECTOR = YES;
				GCC_WARN_UNINITIALIZED_AUTOS = YES_AGGRESSIVE;
				GCC_WARN_UNUSED_FUNCTION = YES;
				GCC_WARN_UNUSED_VARIABLE = YES;
				IPHONEOS_DEPLOYMENT_TARGET = 26.2;
				LOCALIZATION_PREFERS_STRING_CATALOGS = YES;
				MTL_ENABLE_DEBUG_INFO = INCLUDE_SOURCE;
				MTL_FAST_MATH = YES;
				ONLY_ACTIVE_ARCH = YES;
				SDKROOT = iphoneos;
				SWIFT_ACTIVE_COMPILATION_CONDITIONS = "DEBUG $(inherited)";
				SWIFT_OPTIMIZATION_LEVEL = "-Onone";
			};
			name = Debug;
		};
		522A957E2FF795D900C82AB3 /* Release */ = {
			isa = XCBuildConfiguration;
			buildSettings = {
				ALWAYS_SEARCH_USER_PATHS = NO;
				ASSETCATALOG_COMPILER_GENERATE_SWIFT_ASSET_SYMBOL_EXTENSIONS = YES;
				CLANG_ANALYZER_NONNULL = YES;
				CLANG_ANALYZER_NUMBER_OBJECT_CONVERSION = YES_AGGRESSIVE;
				CLANG_CXX_LANGUAGE_STANDARD = "gnu++20";
				CLANG_ENABLE_MODULES = YES;
				CLANG_ENABLE_OBJC_ARC = YES;
				CLANG_ENABLE_OBJC_WEAK = YES;
				CLANG_WARN_BLOCK_CAPTURE_AUTORELEASING = YES;
				CLANG_WARN_BOOL_CONVERSION = YES;
				CLANG_WARN_COMMA = YES;
				CLANG_WARN_CONSTANT_CONVERSION = YES;
				CLANG_WARN_DEPRECATED_OBJC_IMPLEMENTATIONS = YES;
				CLANG_WARN_DIRECT_OBJC_ISA_USAGE = YES_ERROR;
				CLANG_WARN_DOCUMENTATION_COMMENTS = YES;
				CLANG_WARN_EMPTY_BODY = YES;
				CLANG_WARN_ENUM_CONVERSION = YES;
				CLANG_WARN_INFINITE_RECURSION = YES;
				CLANG_WARN_INT_CONVERSION = YES;
				CLANG_WARN_NON_LITERAL_NULL_CONVERSION = YES;
				CLANG_WARN_OBJC_IMPLICIT_RETAIN_SELF = YES;
				CLANG_WARN_OBJC_LITERAL_CONVERSION = YES;
				CLANG_WARN_OBJC_ROOT_CLASS = YES_ERROR;
				CLANG_WARN_QUOTED_INCLUDE_IN_FRAMEWORK_HEADER = YES;
				CLANG_WARN_RANGE_LOOP_ANALYSIS = YES;
				CLANG_WARN_STRICT_PROTOTYPES = YES;
				CLANG_WARN_SUSPICIOUS_MOVE = YES;
				CLANG_WARN_UNGUARDED_AVAILABILITY = YES_AGGRESSIVE;
				CLANG_WARN_UNREACHABLE_CODE = YES;
				CLANG_WARN__DUPLICATE_METHOD_MATCH = YES;
				COPY_PHASE_STRIP = NO;
				DEBUG_INFORMATION_FORMAT = "dwarf-with-dsym";
				DEVELOPMENT_TEAM = KKJP7578Q2;
				ENABLE_NS_ASSERTIONS = NO;
				ENABLE_STRICT_OBJC_MSGSEND = YES;
				ENABLE_USER_SCRIPT_SANDBOXING = YES;
				GCC_C_LANGUAGE_STANDARD = gnu17;
				GCC_NO_COMMON_BLOCKS = YES;
				GCC_WARN_64_TO_32_BIT_CONVERSION = YES;
				GCC_WARN_ABOUT_RETURN_TYPE = YES_ERROR;
				GCC_WARN_UNDECLARED_SELECTOR = YES;
				GCC_WARN_UNINITIALIZED_AUTOS = YES_AGGRESSIVE;
				GCC_WARN_UNUSED_FUNCTION = YES;
				GCC_WARN_UNUSED_VARIABLE = YES;
				IPHONEOS_DEPLOYMENT_TARGET = 26.2;
				LOCALIZATION_PREFERS_STRING_CATALOGS = YES;
				MTL_ENABLE_DEBUG_INFO = NO;
				MTL_FAST_MATH = YES;
				SDKROOT = iphoneos;
				SWIFT_COMPILATION_MODE = wholemodule;
				VALIDATE_PRODUCT = YES;
			};
			name = Release;
		};
		522A95802FF795D900C82AB3 /* Debug */ = {
			isa = XCBuildConfiguration;
			buildSettings = {
				ASSETCATALOG_COMPILER_APPICON_NAME = AppIcon;
				ASSETCATALOG_COMPILER_GLOBAL_ACCENT_COLOR_NAME = AccentColor;
				CODE_SIGN_ENTITLEMENTS = Glimpse/Glimpse.entitlements;
				CODE_SIGN_STYLE = Automatic;
				CURRENT_PROJECT_VERSION = 1;
				DEVELOPMENT_TEAM = KKJP7578Q2;
				ENABLE_PREVIEWS = YES;
				GENERATE_INFOPLIST_FILE = YES;
				INFOPLIST_KEY_UIApplicationSceneManifest_Generation = YES;
				INFOPLIST_KEY_UIApplicationSupportsIndirectInputEvents = YES;
				INFOPLIST_KEY_UILaunchScreen_Generation = YES;
				INFOPLIST_KEY_UISupportedInterfaceOrientations_iPad = "UIInterfaceOrientationPortrait UIInterfaceOrientationPortraitUpsideDown UIInterfaceOrientationLandscapeLeft UIInterfaceOrientationLandscapeRight";
				INFOPLIST_KEY_UISupportedInterfaceOrientations_iPhone = "UIInterfaceOrientationPortrait UIInterfaceOrientationLandscapeLeft UIInterfaceOrientationLandscapeRight";
				LD_RUNPATH_SEARCH_PATHS = (
					"$(inherited)",
					"@executable_path/Frameworks",
				);
				MARKETING_VERSION = 1.0;
				PRODUCT_BUNDLE_IDENTIFIER = com.postoevie.Glimpse;
				PRODUCT_NAME = "$(TARGET_NAME)";
				STRING_CATALOG_GENERATE_SYMBOLS = YES;
				SWIFT_APPROACHABLE_CONCURRENCY = YES;
				SWIFT_DEFAULT_ACTOR_ISOLATION = MainActor;
				SWIFT_EMIT_LOC_STRINGS = YES;
				SWIFT_UPCOMING_FEATURE_MEMBER_IMPORT_VISIBILITY = YES;
				SWIFT_VERSION = 5.0;
				TARGETED_DEVICE_FAMILY = "1,2";
			};
			name = Debug;
		};
		522A95812FF795D900C82AB3 /* Release */ = {
			isa = XCBuildConfiguration;
			buildSettings = {
				ASSETCATALOG_COMPILER_APPICON_NAME = AppIcon;
				ASSETCATALOG_COMPILER_GLOBAL_ACCENT_COLOR_NAME = AccentColor;
				CODE_SIGN_ENTITLEMENTS = Glimpse/Glimpse.entitlements;
				CODE_SIGN_STYLE = Automatic;
				CURRENT_PROJECT_VERSION = 1;
				DEVELOPMENT_TEAM = KKJP7578Q2;
				ENABLE_PREVIEWS = YES;
				GENERATE_INFOPLIST_FILE = YES;
				INFOPLIST_KEY_UIApplicationSceneManifest_Generation = YES;
				INFOPLIST_KEY_UIApplicationSupportsIndirectInputEvents = YES;
				INFOPLIST_KEY_UILaunchScreen_Generation = YES;
				INFOPLIST_KEY_UISupportedInterfaceOrientations_iPad = "UIInterfaceOrientationPortrait UIInterfaceOrientationPortraitUpsideDown UIInterfaceOrientationLandscapeLeft UIInterfaceOrientationLandscapeRight";
				INFOPLIST_KEY_UISupportedInterfaceOrientations_iPhone = "UIInterfaceOrientationPortrait UIInterfaceOrientationLandscapeLeft UIInterfaceOrientationLandscapeRight";
				LD_RUNPATH_SEARCH_PATHS = (
					"$(inherited)",
					"@executable_path/Frameworks",
				);
				MARKETING_VERSION = 1.0;
				PRODUCT_BUNDLE_IDENTIFIER = com.postoevie.Glimpse;
				PRODUCT_NAME = "$(TARGET_NAME)";
				STRING_CATALOG_GENERATE_SYMBOLS = YES;
				SWIFT_APPROACHABLE_CONCURRENCY = YES;
				SWIFT_DEFAULT_ACTOR_ISOLATION = MainActor;
				SWIFT_EMIT_LOC_STRINGS = YES;
				SWIFT_UPCOMING_FEATURE_MEMBER_IMPORT_VISIBILITY = YES;
				SWIFT_VERSION = 5.0;
				TARGETED_DEVICE_FAMILY = "1,2";
			};
			name = Release;
		};
		522A95832FF795D900C82AB3 /* Debug */ = {
			isa = XCBuildConfiguration;
			buildSettings = {
				BUNDLE_LOADER = "$(TEST_HOST)";
				CODE_SIGN_STYLE = Automatic;
				CURRENT_PROJECT_VERSION = 1;
				DEVELOPMENT_TEAM = KKJP7578Q2;
				GENERATE_INFOPLIST_FILE = YES;
				IPHONEOS_DEPLOYMENT_TARGET = 26.2;
				MARKETING_VERSION = 1.0;
				PRODUCT_BUNDLE_IDENTIFIER = com.postoevie.GlimpseTests;
				PRODUCT_NAME = "$(TARGET_NAME)";
				STRING_CATALOG_GENERATE_SYMBOLS = NO;
				SWIFT_APPROACHABLE_CONCURRENCY = YES;
				SWIFT_EMIT_LOC_STRINGS = NO;
				SWIFT_UPCOMING_FEATURE_MEMBER_IMPORT_VISIBILITY = YES;
				SWIFT_VERSION = 5.0;
				TARGETED_DEVICE_FAMILY = "1,2";
				TEST_HOST = "$(BUILT_PRODUCTS_DIR)/Glimpse.app/$(BUNDLE_EXECUTABLE_FOLDER_PATH)/Glimpse";
			};
			name = Debug;
		};
		522A95842FF795D900C82AB3 /* Release */ = {
			isa = XCBuildConfiguration;
			buildSettings = {
				BUNDLE_LOADER = "$(TEST_HOST)";
				CODE_SIGN_STYLE = Automatic;
				CURRENT_PROJECT_VERSION = 1;
				DEVELOPMENT_TEAM = KKJP7578Q2;
				GENERATE_INFOPLIST_FILE = YES;
				IPHONEOS_DEPLOYMENT_TARGET = 26.2;
				MARKETING_VERSION = 1.0;
				PRODUCT_BUNDLE_IDENTIFIER = com.postoevie.GlimpseTests;
				PRODUCT_NAME = "$(TARGET_NAME)";
				STRING_CATALOG_GENERATE_SYMBOLS = NO;
				SWIFT_APPROACHABLE_CONCURRENCY = YES;
				SWIFT_EMIT_LOC_STRINGS = NO;
				SWIFT_UPCOMING_FEATURE_MEMBER_IMPORT_VISIBILITY = YES;
				SWIFT_VERSION = 5.0;
				TARGETED_DEVICE_FAMILY = "1,2";
				TEST_HOST = "$(BUILT_PRODUCTS_DIR)/Glimpse.app/$(BUNDLE_EXECUTABLE_FOLDER_PATH)/Glimpse";
			};
			name = Release;
		};
		522A95862FF795D900C82AB3 /* Debug */ = {
			isa = XCBuildConfiguration;
			buildSettings = {
				CODE_SIGN_STYLE = Automatic;
				CURRENT_PROJECT_VERSION = 1;
				DEVELOPMENT_TEAM = KKJP7578Q2;
				GENERATE_INFOPLIST_FILE = YES;
				MARKETING_VERSION = 1.0;
				PRODUCT_BUNDLE_IDENTIFIER = com.postoevie.GlimpseUITests;
				PRODUCT_NAME = "$(TARGET_NAME)";
				STRING_CATALOG_GENERATE_SYMBOLS = NO;
				SWIFT_APPROACHABLE_CONCURRENCY = YES;
				SWIFT_EMIT_LOC_STRINGS = NO;
				SWIFT_UPCOMING_FEATURE_MEMBER_IMPORT_VISIBILITY = YES;
				SWIFT_VERSION = 5.0;
				TARGETED_DEVICE_FAMILY = "1,2";
				TEST_TARGET_NAME = Glimpse;
			};
			name = Debug;
		};
		522A95872FF795D900C82AB3 /* Release */ = {
			isa = XCBuildConfiguration;
			buildSettings = {
				CODE_SIGN_STYLE = Automatic;
				CURRENT_PROJECT_VERSION = 1;
				DEVELOPMENT_TEAM = KKJP7578Q2;
				GENERATE_INFOPLIST_FILE = YES;
				MARKETING_VERSION = 1.0;
				PRODUCT_BUNDLE_IDENTIFIER = com.postoevie.GlimpseUITests;
				PRODUCT_NAME = "$(TARGET_NAME)";
				STRING_CATALOG_GENERATE_SYMBOLS = NO;
				SWIFT_APPROACHABLE_CONCURRENCY = YES;
				SWIFT_EMIT_LOC_STRINGS = NO;
				SWIFT_UPCOMING_FEATURE_MEMBER_IMPORT_VISIBILITY = YES;
				SWIFT_VERSION = 5.0;
				TARGETED_DEVICE_FAMILY = "1,2";
				TEST_TARGET_NAME = Glimpse;
			};
			name = Release;
		};
/* End XCBuildConfiguration section */

/* Begin XCConfigurationList section */
		522A95572FF795D700C82AB3 /* Build configuration list for PBXProject "Glimpse" */ = {
			isa = XCConfigurationList;
			buildConfigurations = (
				522A957D2FF795D900C82AB3 /* Debug */,
				522A957E2FF795D900C82AB3 /* Release */,
			);
			defaultConfigurationIsVisible = 0;
			defaultConfigurationName = Release;
		};
		522A957F2FF795D900C82AB3 /* Build configuration list for PBXNativeTarget "Glimpse" */ = {
			isa = XCConfigurationList;
			buildConfigurations = (
				522A95802FF795D900C82AB3 /* Debug */,
				522A95812FF795D900C82AB3 /* Release */,
			);
			defaultConfigurationIsVisible = 0;
			defaultConfigurationName = Release;
		};
		522A95822FF795D900C82AB3 /* Build configuration list for PBXNativeTarget "GlimpseTests" */ = {
			isa = XCConfigurationList;
			buildConfigurations = (
				522A95832FF795D900C82AB3 /* Debug */,
				522A95842FF795D900C82AB3 /* Release */,
			);
			defaultConfigurationIsVisible = 0;
			defaultConfigurationName = Release;
		};
		522A95852FF795D900C82AB3 /* Build configuration list for PBXNativeTarget "GlimpseUITests" */ = {
			isa = XCConfigurationList;
			buildConfigurations = (
				522A95862FF795D900C82AB3 /* Debug */,
				522A95872FF795D900C82AB3 /* Release */,
			);
			defaultConfigurationIsVisible = 0;
			defaultConfigurationName = Release;
		};
/* End XCConfigurationList section */

/* Begin XCLocalSwiftPackageReference section */
		B10000000000000000000001 /* XCLocalSwiftPackageReference "Packages/GlimpseCore" */ = {
			isa = XCLocalSwiftPackageReference;
			relativePath = Packages/GlimpseCore;
		};
		B10000000000000000000002 /* XCLocalSwiftPackageReference "Packages/GlimpseAI" */ = {
			isa = XCLocalSwiftPackageReference;
			relativePath = Packages/GlimpseAI;
		};
		B10000000000000000000004 /* XCLocalSwiftPackageReference "Packages/GlimpseFeatures" */ = {
			isa = XCLocalSwiftPackageReference;
			relativePath = Packages/GlimpseFeatures;
		};
/* End XCLocalSwiftPackageReference section */

/* Begin XCSwiftPackageProductDependency section */
		B10000000000000000000021 /* GlimpseCore */ = {
			isa = XCSwiftPackageProductDependency;
			package = B10000000000000000000001 /* XCLocalSwiftPackageReference "Packages/GlimpseCore" */;
			productName = GlimpseCore;
		};
		B10000000000000000000022 /* GlimpseAI */ = {
			isa = XCSwiftPackageProductDependency;
			package = B10000000000000000000002 /* XCLocalSwiftPackageReference "Packages/GlimpseAI" */;
			productName = GlimpseAI;
		};
		B10000000000000000000024 /* GlimpseFeatures */ = {
			isa = XCSwiftPackageProductDependency;
			package = B10000000000000000000004 /* XCLocalSwiftPackageReference "Packages/GlimpseFeatures" */;
			productName = GlimpseFeatures;
		};
/* End XCSwiftPackageProductDependency section */
	};
	rootObject = 522A95542FF795D700C82AB3 /* Project object */;
}
